
Microsoft Visual Studio Solution File, Format Version 12.00
# Visual Studio Version 17
VisualStudioVersion = 17.0.31612.314
MinimumVisualStudioVersion = 10.0.40219.1
Project("{FAE04EC0-301F-11D3-BF4B-00C04F79EFBC}") = "BulkyBook", "BulkyBook.csproj", "{400DE13A-701A-4995-BB97-997E720D5BD5}"
EndProject
Global
	GlobalSection(SolutionConfigurationPlatforms) = preSolution
		Debug|Any CPU = Debug|Any CPU
		Release|Any CPU = Release|Any CPU
	EndGlobalSection
	GlobalSection(ProjectConfigurationPlatforms) = postSolution
		{400DE13A-701A-4995-BB97-997E720D5BD5}.Debug|Any CPU.ActiveCfg = Debug|Any CPU
		{400DE13A-701A-4995-BB97-997E720D5BD5}.Debug|Any CPU.Build.0 = Debug|Any CPU
		{400DE13A-701A-4995-BB97-997E720D5BD5}.Release|Any CPU.ActiveCfg = Release|Any CPU
		{400DE13A-701A-4995-BB97-997E720D5BD5}.Release|Any CPU.Build.0 = Release|Any CPU
	EndGlobalSection
	GlobalSection(SolutionProperties) = preSolution
		HideSolutionNode = FALSE
	EndGlobalSection
	GlobalSection(ExtensibilityGlobals) = postSolution
		SolutionGuid = {7C274852-521E-45DA-A476-293A3F0D90BA}
	EndGlobalSection
EndGlobal
